# This file is automatically @generated by Cargo.
# It is not intended for manual editing.
[[package]]
name = "acid64c"
version = "1.0.4"
dependencies = [
 "chrono",
 "crossterm",
 "encoding",
 "get_if_addrs",
 "libloading",
 "timer",
]

[[package]]
name = "autocfg"
version = "1.0.1"
source = "registry+https://github.com/rust-lang/crates.io-index"
checksum = "cdb031dd78e28731d87d56cc8ffef4a8f36ca26c38fe2de700543e627f8a464a"

[[package]]
name = "bitflags"
version = "1.2.1"
source = "registry+https://github.com/rust-lang/crates.io-index"
checksum = "cf1de2fe8c75bc145a2f577add951f8134889b4795d47466a54a5c846d691693"

[[package]]
name = "c_linked_list"
version = "1.1.1"
source = "registry+https://github.com/rust-lang/crates.io-index"
checksum = "4964518bd3b4a8190e832886cdc0da9794f12e8e6c1613a9e90ff331c4c8724b"

[[package]]
name = "cfg-if"
version = "1.0.0"
source = "registry+https://github.com/rust-lang/crates.io-index"
checksum = "baf1de4339761588bc0619e3cbc0120ee582ebb74b53b4efbf79117bd2da40fd"

[[package]]
name = "chrono"
version = "0.4.19"
source = "registry+https://github.com/rust-lang/crates.io-index"
checksum = "670ad68c9088c2a963aaa298cb369688cf3f9465ce5e2d4ca10e6e0098a1ce73"
dependencies = [
 "libc",
 "num-integer",
 "num-traits",
 "time",
 "winapi 0.3.9",
]

[[package]]
name = "crossterm"
version = "0.19.0"
source = "registry+https://github.com/rust-lang/crates.io-index"
checksum = "7c36c10130df424b2f3552fcc2ddcd9b28a27b1e54b358b45874f88d1ca6888c"
dependencies = [
 "bitflags",
 "crossterm_winapi",
 "lazy_static",
 "libc",
 "mio",
 "parking_lot",
 "signal-hook",
 "winapi 0.3.9",
]

[[package]]
name = "crossterm_winapi"
version = "0.7.0"
source = "registry+https://github.com/rust-lang/crates.io-index"
checksum = "0da8964ace4d3e4a044fd027919b2237000b24315a37c916f61809f1ff2140b9"
dependencies = [
 "winapi 0.3.9",
]

[[package]]
name = "encoding"
version = "0.2.33"
source = "registry+https://github.com/rust-lang/crates.io-index"
checksum = "6b0d943856b990d12d3b55b359144ff341533e516d94098b1d3fc1ac666d36ec"
dependencies = [
 "encoding-index-japanese",
 "encoding-index-korean",
 "encoding-index-simpchinese",
 "encoding-index-singlebyte",
 "encoding-index-tradchinese",
]

[[package]]
name = "encoding-index-japanese"
version = "1.20141219.5"
source = "registry+https://github.com/rust-lang/crates.io-index"
checksum = "04e8b2ff42e9a05335dbf8b5c6f7567e5591d0d916ccef4e0b1710d32a0d0c91"
dependencies = [
 "encoding_index_tests",
]

[[package]]
name = "encoding-index-korean"
version = "1.20141219.5"
source = "registry+https://github.com/rust-lang/crates.io-index"
checksum = "4dc33fb8e6bcba213fe2f14275f0963fd16f0a02c878e3095ecfdf5bee529d81"
dependencies = [
 "encoding_index_tests",
]

[[package]]
name = "encoding-index-simpchinese"
version = "1.20141219.5"
source = "registry+https://github.com/rust-lang/crates.io-index"
checksum = "d87a7194909b9118fc707194baa434a4e3b0fb6a5a757c73c3adb07aa25031f7"
dependencies = [
 "encoding_index_tests",
]

[[package]]
name = "encoding-index-singlebyte"
version = "1.20141219.5"
source = "registry+https://github.com/rust-lang/crates.io-index"
checksum = "3351d5acffb224af9ca265f435b859c7c01537c0849754d3db3fdf2bfe2ae84a"
dependencies = [
 "encoding_index_tests",
]

[[package]]
name = "encoding-index-tradchinese"
version = "1.20141219.5"
source = "registry+https://github.com/rust-lang/crates.io-index"
checksum = "fd0e20d5688ce3cab59eb3ef3a2083a5c77bf496cb798dc6fcdb75f323890c18"
dependencies = [
 "encoding_index_tests",
]

[[package]]
name = "encoding_index_tests"
version = "0.1.4"
source = "registry+https://github.com/rust-lang/crates.io-index"
checksum = "a246d82be1c9d791c5dfde9a2bd045fc3cbba3fa2b11ad558f27d01712f00569"

[[package]]
name = "gcc"
version = "0.3.55"
source = "registry+https://github.com/rust-lang/crates.io-index"
checksum = "8f5f3913fa0bfe7ee1fd8248b6b9f42a5af4b9d65ec2dd2c3c26132b950ecfc2"

[[package]]
name = "get_if_addrs"
version = "0.5.3"
source = "registry+https://github.com/rust-lang/crates.io-index"
checksum = "abddb55a898d32925f3148bd281174a68eeb68bbfd9a5938a57b18f506ee4ef7"
dependencies = [
 "c_linked_list",
 "get_if_addrs-sys",
 "libc",
 "winapi 0.2.8",
]

[[package]]
name = "get_if_addrs-sys"
version = "0.1.1"
source = "registry+https://github.com/rust-lang/crates.io-index"
checksum = "0d04f9fb746cf36b191c00f3ede8bde9c8e64f9f4b05ae2694a9ccf5e3f5ab48"
dependencies = [
 "gcc",
 "libc",
]

[[package]]
name = "instant"
version = "0.1.9"
source = "registry+https://github.com/rust-lang/crates.io-index"
checksum = "61124eeebbd69b8190558df225adf7e4caafce0d743919e5d6b19652314ec5ec"
dependencies = [
 "cfg-if",
]

[[package]]
name = "lazy_static"
version = "1.4.0"
source = "registry+https://github.com/rust-lang/crates.io-index"
checksum = "e2abad23fbc42b3700f2f279844dc832adb2b2eb069b2df918f455c4e18cc646"

[[package]]
name = "libc"
version = "0.2.86"
source = "registry+https://github.com/rust-lang/crates.io-index"
checksum = "b7282d924be3275cec7f6756ff4121987bc6481325397dde6ba3e7802b1a8b1c"

[[package]]
name = "libloading"
version = "0.7.0"
source = "registry+https://github.com/rust-lang/crates.io-index"
checksum = "6f84d96438c15fcd6c3f244c8fce01d1e2b9c6b5623e9c711dc9286d8fc92d6a"
dependencies = [
 "cfg-if",
 "winapi 0.3.9",
]

[[package]]
name = "lock_api"
version = "0.4.2"
source = "registry+https://github.com/rust-lang/crates.io-index"
checksum = "dd96ffd135b2fd7b973ac026d28085defbe8983df057ced3eb4f2130b0831312"
dependencies = [
 "scopeguard",
]

[[package]]
name = "log"
version = "0.4.14"
source = "registry+https://github.com/rust-lang/crates.io-index"
checksum = "51b9bbe6c47d51fc3e1a9b945965946b4c44142ab8792c50835a980d362c2710"
dependencies = [
 "cfg-if",
]

[[package]]
name = "mio"
version = "0.7.7"
source = "registry+https://github.com/rust-lang/crates.io-index"
checksum = "e50ae3f04d169fcc9bde0b547d1c205219b7157e07ded9c5aff03e0637cb3ed7"
dependencies = [
 "libc",
 "log",
 "miow",
 "ntapi",
 "winapi 0.3.9",
]

[[package]]
name = "miow"
version = "0.3.6"
source = "registry+https://github.com/rust-lang/crates.io-index"
checksum = "5a33c1b55807fbed163481b5ba66db4b2fa6cde694a5027be10fb724206c5897"
dependencies = [
 "socket2",
 "winapi 0.3.9",
]

[[package]]
name = "ntapi"
version = "0.3.6"
source = "registry+https://github.com/rust-lang/crates.io-index"
checksum = "3f6bb902e437b6d86e03cce10a7e2af662292c5dfef23b65899ea3ac9354ad44"
dependencies = [
 "winapi 0.3.9",
]

[[package]]
name = "num-integer"
version = "0.1.44"
source = "registry+https://github.com/rust-lang/crates.io-index"
checksum = "d2cc698a63b549a70bc047073d2949cce27cd1c7b0a4a862d08a8031bc2801db"
dependencies = [
 "autocfg",
 "num-traits",
]

[[package]]
name = "num-traits"
version = "0.2.14"
source = "registry+https://github.com/rust-lang/crates.io-index"
checksum = "9a64b1ec5cda2586e284722486d802acf1f7dbdc623e2bfc57e65ca1cd099290"
dependencies = [
 "autocfg",
]

[[package]]
name = "parking_lot"
version = "0.11.1"
source = "registry+https://github.com/rust-lang/crates.io-index"
checksum = "6d7744ac029df22dca6284efe4e898991d28e3085c706c972bcd7da4a27a15eb"
dependencies = [
 "instant",
 "lock_api",
 "parking_lot_core",
]

[[package]]
name = "parking_lot_core"
version = "0.8.2"
source = "registry+https://github.com/rust-lang/crates.io-index"
checksum = "9ccb628cad4f84851442432c60ad8e1f607e29752d0bf072cbd0baf28aa34272"
dependencies = [
 "cfg-if",
 "instant",
 "libc",
 "redox_syscall",
 "smallvec",
 "winapi 0.3.9",
]

[[package]]
name = "redox_syscall"
version = "0.1.57"
source = "registry+https://github.com/rust-lang/crates.io-index"
checksum = "41cc0f7e4d5d4544e8861606a285bb08d3e70712ccc7d2b84d7c0ccfaf4b05ce"

[[package]]
name = "scopeguard"
version = "1.1.0"
source = "registry+https://github.com/rust-lang/crates.io-index"
checksum = "d29ab0c6d3fc0ee92fe66e2d99f700eab17a8d57d1c1d3b748380fb20baa78cd"

[[package]]
name = "signal-hook"
version = "0.1.17"
source = "registry+https://github.com/rust-lang/crates.io-index"
checksum = "7e31d442c16f047a671b5a71e2161d6e68814012b7f5379d269ebd915fac2729"
dependencies = [
 "libc",
 "mio",
 "signal-hook-registry",
]

[[package]]
name = "signal-hook-registry"
version = "1.3.0"
source = "registry+https://github.com/rust-lang/crates.io-index"
checksum = "16f1d0fef1604ba8f7a073c7e701f213e056707210e9020af4528e0101ce11a6"
dependencies = [
 "libc",
]

[[package]]
name = "smallvec"
version = "1.6.1"
source = "registry+https://github.com/rust-lang/crates.io-index"
checksum = "fe0f37c9e8f3c5a4a66ad655a93c74daac4ad00c441533bf5c6e7990bb42604e"

[[package]]
name = "socket2"
version = "0.3.19"
source = "registry+https://github.com/rust-lang/crates.io-index"
checksum = "122e570113d28d773067fab24266b66753f6ea915758651696b6e35e49f88d6e"
dependencies = [
 "cfg-if",
 "libc",
 "winapi 0.3.9",
]

[[package]]
name = "time"
version = "0.1.44"
source = "registry+https://github.com/rust-lang/crates.io-index"
checksum = "6db9e6914ab8b1ae1c260a4ae7a49b6c5611b40328a735b21862567685e73255"
dependencies = [
 "libc",
 "wasi",
 "winapi 0.3.9",
]

[[package]]
name = "timer"
version = "0.2.0"
source = "registry+https://github.com/rust-lang/crates.io-index"
checksum = "31d42176308937165701f50638db1c31586f183f1aab416268216577aec7306b"
dependencies = [
 "chrono",
]

[[package]]
name = "wasi"
version = "0.10.0+wasi-snapshot-preview1"
source = "registry+https://github.com/rust-lang/crates.io-index"
checksum = "1a143597ca7c7793eff794def352d41792a93c481eb1042423ff7ff72ba2c31f"

[[package]]
name = "winapi"
version = "0.2.8"
source = "registry+https://github.com/rust-lang/crates.io-index"
checksum = "167dc9d6949a9b857f3451275e911c3f44255842c1f7a76f33c55103a909087a"

[[package]]
name = "winapi"
version = "0.3.9"
source = "registry+https://github.com/rust-lang/crates.io-index"
checksum = "5c839a674fcd7a98952e593242ea400abe93992746761e38641405d28b00f419"
dependencies = [
 "winapi-i686-pc-windows-gnu",
 "winapi-x86_64-pc-windows-gnu",
]

[[package]]
name = "winapi-i686-pc-windows-gnu"
version = "0.4.0"
source = "registry+https://github.com/rust-lang/crates.io-index"
checksum = "ac3b87c63620426dd9b991e5ce0329eff545bccbbb34f3be09ff6fb6ab51b7b6"

[[package]]
name = "winapi-x86_64-pc-windows-gnu"
version = "0.4.0"
source = "registry+https://github.com/rust-lang/crates.io-index"
checksum = "712e227841d057c1ee1cd2fb22fa7e5a5461ae8e48fa2ca79ec42cfc1931183f"
